
Microsoft Visual Studio Solution File, Format Version 12.00
# Visual Studio Version 16
VisualStudioVersion = 16.0.30907.101
MinimumVisualStudioVersion = 10.0.40219.1
Project("{FAE04EC0-301F-11D3-BF4B-00C04F79EFBC}") = "Assignment3", "Assignment3.csproj", "{AA103653-E961-4595-BB03-6FA958B9A0D3}"
EndProject
Global
	GlobalSection(SolutionConfigurationPlatforms) = preSolution
		Debug|Any CPU = Debug|Any CPU
		Release|Any CPU = Release|Any CPU
	EndGlobalSection
	GlobalSection(ProjectConfigurationPlatforms) = postSolution
		{AA103653-E961-4595-BB03-6FA958B9A0D3}.Debug|Any CPU.ActiveCfg = Debug|Any CPU
		{AA103653-E961-4595-BB03-6FA958B9A0D3}.Debug|Any CPU.Build.0 = Debug|Any CPU
		{AA103653-E961-4595-BB03-6FA958B9A0D3}.Release|Any CPU.ActiveCfg = Release|Any CPU
		{AA103653-E961-4595-BB03-6FA958B9A0D3}.Release|Any CPU.Build.0 = Release|Any CPU
	EndGlobalSection
	GlobalSection(SolutionProperties) = preSolution
		HideSolutionNode = FALSE
	EndGlobalSection
	GlobalSection(ExtensibilityGlobals) = postSolution
		SolutionGuid = {4BF89246-9AA7-4C6C-9A7A-3DE513F14D6D}
	EndGlobalSection
EndGlobal
